<?xml version="1.0" encoding="utf-8"?>
<Project ToolsVersion="4.0" xmlns="http://schemas.microsoft.com/developer/msbuild/2003">
  <ItemGroup>
    <ClCompile Include="main.cpp" />
    <ClCompile Include="en_core.cpp">
      <Filter>Engine</Filter>
    </ClCompile>
    <ClCompile Include="en_console.cpp">
      <Filter>Engine</Filter>
    </ClCompile>
    <ClCompile Include="en_renderer.cpp">
      <Filter>Engine\Window</Filter>
    </ClCompile>
    <ClCompile Include="en_window.cpp">
      <Filter>Engine\Window</Filter>
    </ClCompile>
    <ClCompile Include="en_input.cpp">
      <Filter>Engine\Window</Filter>
    </ClCompile>
    <ClCompile Include="en_image.cpp">
      <Filter>Engine</Filter>
    </ClCompile>
    <ClCompile Include="en_vector2d.cpp">
      <Filter>Engine\Math</Filter>
    </ClCompile>
    <ClCompile Include="en_vector3d.cpp">
      <Filter>Engine\Math</Filter>
    </ClCompile>
    <ClCompile Include="en_math.cpp">
      <Filter>Engine\Math</Filter>
    </ClCompile>
    <ClCompile Include="en_vertex.cpp">
      <Filter>Engine\Drawable</Filter>
    </ClCompile>
    <ClCompile Include="en_verticies.cpp">
      <Filter>Engine\Drawable</Filter>
    </ClCompile>
    <ClCompile Include="en_indices.cpp">
      <Filter>Engine\Drawable</Filter>
    </ClCompile>
    <ClCompile Include="en_mesh.cpp">
      <Filter>Engine\Drawable</Filter>
    </ClCompile>
    <ClCompile Include="en_primitive.cpp">
      <Filter>Engine\Drawable</Filter>
    </ClCompile>
    <ClCompile Include="en_texture.cpp">
      <Filter>Engine\Drawable</Filter>
    </ClCompile>
    <ClCompile Include="en_time.cpp">
      <Filter>Engine\Window</Filter>
    </ClCompile>
    <ClCompile Include="en_shader_program.cpp">
      <Filter>Engine\Shader</Filter>
    </ClCompile>
    <ClCompile Include="en_shader.cpp">
      <Filter>Engine\Shader</Filter>
    </ClCompile>
    <ClCompile Include="en_sprite.cpp">
      <Filter>Engine\Drawable</Filter>
    </ClCompile>
  </ItemGroup>
  <ItemGroup>
    <ClInclude Include="en_def.h">
      <Filter>Engine</Filter>
    </ClInclude>
    <ClInclude Include="engine.h">
      <Filter>Engine</Filter>
    </ClInclude>
    <ClInclude Include="en_core.h">
      <Filter>Engine</Filter>
    </ClInclude>
    <ClInclude Include="en_console.h">
      <Filter>Engine</Filter>
    </ClInclude>
    <ClInclude Include="en_renderer.h">
      <Filter>Engine\Window</Filter>
    </ClInclude>
    <ClInclude Include="en_window.h">
      <Filter>Engine\Window</Filter>
    </ClInclude>
    <ClInclude Include="en_input.h">
      <Filter>Engine\Window</Filter>
    </ClInclude>
    <ClInclude Include="en_error.h">
      <Filter>Engine</Filter>
    </ClInclude>
    <ClInclude Include="en_image.h">
      <Filter>Engine</Filter>
    </ClInclude>
    <ClInclude Include="en_vector3d.h">
      <Filter>Engine\Math</Filter>
    </ClInclude>
    <ClInclude Include="en_vector2d.h">
      <Filter>Engine\Math</Filter>
    </ClInclude>
    <ClInclude Include="en_math.h">
      <Filter>Engine\Math</Filter>
    </ClInclude>
    <ClInclude Include="en_verticies.h">
      <Filter>Engine\Drawable</Filter>
    </ClInclude>
    <ClInclude Include="en_vertex.h">
      <Filter>Engine\Drawable</Filter>
    </ClInclude>
    <ClInclude Include="en_indices.h">
      <Filter>Engine\Drawable</Filter>
    </ClInclude>
    <ClInclude Include="en_mesh.h">
      <Filter>Engine\Drawable</Filter>
    </ClInclude>
    <ClInclude Include="en_primitive.h">
      <Filter>Engine\Drawable</Filter>
    </ClInclude>
    <ClInclude Include="en_texture.h">
      <Filter>Engine\Drawable</Filter>
    </ClInclude>
    <ClInclude Include="en_time.h">
      <Filter>Engine\Window</Filter>
    </ClInclude>
    <ClInclude Include="en_shader_program.h">
      <Filter>Engine\Shader</Filter>
    </ClInclude>
    <ClInclude Include="en_shader.h">
      <Filter>Engine\Shader</Filter>
    </ClInclude>
    <ClInclude Include="en_sprite.h">
      <Filter>Engine\Drawable</Filter>
    </ClInclude>
  </ItemGroup>
  <ItemGroup>
    <Filter Include="Engine">
      <UniqueIdentifier>{015e6ac3-7553-4607-8fa5-acc16440fed8}</UniqueIdentifier>
    </Filter>
    <Filter Include="Engine\Shaders">
      <UniqueIdentifier>{99f08ded-87de-4ec6-96c3-45e378556798}</UniqueIdentifier>
    </Filter>
    <Filter Include="Engine\Window">
      <UniqueIdentifier>{b3e33e87-615b-4ff8-b902-c85d5c5bbf52}</UniqueIdentifier>
    </Filter>
    <Filter Include="Engine\Math">
      <UniqueIdentifier>{1beec5a4-5ea2-46c8-81be-f19283d283e2}</UniqueIdentifier>
    </Filter>
    <Filter Include="Engine\Shader">
      <UniqueIdentifier>{940957bf-4b76-4301-92d4-1230e408c55f}</UniqueIdentifier>
    </Filter>
    <Filter Include="Engine\Drawable">
      <UniqueIdentifier>{45ce3b47-7c42-4deb-898e-d54b791c128a}</UniqueIdentifier>
    </Filter>
  </ItemGroup>
  <ItemGroup>
    <None Include="fragment_core.shader">
      <Filter>Engine\Shaders</Filter>
    </None>
    <None Include="vertex_core.shader">
      <Filter>Engine\Shaders</Filter>
    </None>
  </ItemGroup>
</Project>